
Microsoft Visual Studio Solution File, Format Version 12.00
# Visual Studio 14
VisualStudioVersion = 14.0.25420.1
MinimumVisualStudioVersion = 10.0.40219.1
Project("{FAE04EC0-301F-11D3-BF4B-00C04F79EFBC}") = "my_app4", "my_app4\my_app4.csproj", "{90366A21-49EB-47BE-BA86-E21C193387CF}"
EndProject
Global
	GlobalSection(SolutionConfigurationPlatforms) = preSolution
		Debug|Any CPU = Debug|Any CPU
		Release|Any CPU = Release|Any CPU
	EndGlobalSection
	GlobalSection(ProjectConfigurationPlatforms) = postSolution
		{90366A21-49EB-47BE-BA86-E21C193387CF}.Debug|Any CPU.ActiveCfg = Debug|Any CPU
		{90366A21-49EB-47BE-BA86-E21C193387CF}.Debug|Any CPU.Build.0 = Debug|Any CPU
		{90366A21-49EB-47BE-BA86-E21C193387CF}.Release|Any CPU.ActiveCfg = Release|Any CPU
		{90366A21-49EB-47BE-BA86-E21C193387CF}.Release|Any CPU.Build.0 = Release|Any CPU
	EndGlobalSection
	GlobalSection(SolutionProperties) = preSolution
		HideSolutionNode = FALSE
	EndGlobalSection
EndGlobal
